
Microsoft Visual Studio Solution File, Format Version 12.00
# Visual Studio Version 17
VisualStudioVersion = 17.8.34408.163
MinimumVisualStudioVersion = 10.0.40219.1
Project("{FAE04EC0-301F-11D3-BF4B-00C04F79EFBC}") = "bringYourEasel", "bringYourEasel.csproj", "{18644DFE-4E0A-4814-8EC8-3F827671CCD3}"
EndProject
Global
	GlobalSection(SolutionConfigurationPlatforms) = preSolution
		Debug|Any CPU = Debug|Any CPU
		Release|Any CPU = Release|Any CPU
	EndGlobalSection
	GlobalSection(ProjectConfigurationPlatforms) = postSolution
		{18644DFE-4E0A-4814-8EC8-3F827671CCD3}.Debug|Any CPU.ActiveCfg = Debug|Any CPU
		{18644DFE-4E0A-4814-8EC8-3F827671CCD3}.Debug|Any CPU.Build.0 = Debug|Any CPU
		{18644DFE-4E0A-4814-8EC8-3F827671CCD3}.Release|Any CPU.ActiveCfg = Release|Any CPU
		{18644DFE-4E0A-4814-8EC8-3F827671CCD3}.Release|Any CPU.Build.0 = Release|Any CPU
	EndGlobalSection
	GlobalSection(SolutionProperties) = preSolution
		HideSolutionNode = FALSE
	EndGlobalSection
	GlobalSection(ExtensibilityGlobals) = postSolution
		SolutionGuid = {701215CD-A7A8-4B94-A645-61716BB4D4C2}
	EndGlobalSection
EndGlobal
